// !$*UTF8*$!
{
	archiveVersion = 1;
	classes = {
	};
	objectVersion = 56;
	objects = {

/* Begin PBXBuildFile section */
		8154AA902A5C75A7006E1B63 /* TaskEditController.swift in Sources */ = {isa = PBXBuildFile; fileRef = 8154AA8F2A5C75A7006E1B63 /* TaskEditController.swift */; };
		8155D80C2A5DC24800C3FFB2 /* TaskTypeCell.swift in Sources */ = {isa = PBXBuildFile; fileRef = 8155D80A2A5DC24800C3FFB2 /* TaskTypeCell.swift */; };
		8155D80D2A5DC24800C3FFB2 /* TaskTypeCell.xib in Resources */ = {isa = PBXBuildFile; fileRef = 8155D80B2A5DC24800C3FFB2 /* TaskTypeCell.xib */; };
		8155D80F2A5DCD2700C3FFB2 /* TaskTypeController.swift in Sources */ = {isa = PBXBuildFile; fileRef = 8155D80E2A5DCD2700C3FFB2 /* TaskTypeController.swift */; };
		816707D62A5487E1001DD5B2 /* AppDelegate.swift in Sources */ = {isa = PBXBuildFile; fileRef = 816707D52A5487E1001DD5B2 /* AppDelegate.swift */; };
		816707D82A5487E1001DD5B2 /* SceneDelegate.swift in Sources */ = {isa = PBXBuildFile; fileRef = 816707D72A5487E1001DD5B2 /* SceneDelegate.swift */; };
		816707DD2A5487E1001DD5B2 /* Main.storyboard in Resources */ = {isa = PBXBuildFile; fileRef = 816707DB2A5487E1001DD5B2 /* Main.storyboard */; };
		816707DF2A5487E2001DD5B2 /* Assets.xcassets in Resources */ = {isa = PBXBuildFile; fileRef = 816707DE2A5487E2001DD5B2 /* Assets.xcassets */; };
		816707E22A5487E2001DD5B2 /* LaunchScreen.storyboard in Resources */ = {isa = PBXBuildFile; fileRef = 816707E02A5487E2001DD5B2 /* LaunchScreen.storyboard */; };
		816707EA2A5489FC001DD5B2 /* TaskListController.swift in Sources */ = {isa = PBXBuildFile; fileRef = 816707E92A5489FC001DD5B2 /* TaskListController.swift */; };
		816707ED2A548F02001DD5B2 /* Task.swift in Sources */ = {isa = PBXBuildFile; fileRef = 816707EC2A548F02001DD5B2 /* Task.swift */; };
		816707EF2A549135001DD5B2 /* TaskStorage.swift in Sources */ = {isa = PBXBuildFile; fileRef = 816707EE2A549135001DD5B2 /* TaskStorage.swift */; };
		81D7454E2A55E10E00477508 /* TaskCell.swift in Sources */ = {isa = PBXBuildFile; fileRef = 81D7454D2A55E10E00477508 /* TaskCell.swift */; };
/* End PBXBuildFile section */

/* Begin PBXFileReference section */
		8154AA8F2A5C75A7006E1B63 /* TaskEditController.swift */ = {isa = PBXFileReference; lastKnownFileType = sourcecode.swift; path = TaskEditController.swift; sourceTree = "<group>"; };
		8155D80A2A5DC24800C3FFB2 /* TaskTypeCell.swift */ = {isa = PBXFileReference; lastKnownFileType = sourcecode.swift; path = TaskTypeCell.swift; sourceTree = "<group>"; };
		8155D80B2A5DC24800C3FFB2 /* TaskTypeCell.xib */ = {isa = PBXFileReference; lastKnownFileType = file.xib; path = TaskTypeCell.xib; sourceTree = "<group>"; };
		8155D80E2A5DCD2700C3FFB2 /* TaskTypeController.swift */ = {isa = PBXFileReference; lastKnownFileType = sourcecode.swift; path = TaskTypeController.swift; sourceTree = "<group>"; };
		816707D22A5487E1001DD5B2 /* To-Do Manager.app */ = {isa = PBXFileReference; explicitFileType = wrapper.application; includeInIndex = 0; path = "To-Do Manager.app"; sourceTree = BUILT_PRODUCTS_DIR; };
		816707D52A5487E1001DD5B2 /* AppDelegate.swift */ = {isa = PBXFileReference; lastKnownFileType = sourcecode.swift; path = AppDelegate.swift; sourceTree = "<group>"; };
		816707D72A5487E1001DD5B2 /* SceneDelegate.swift */ = {isa = PBXFileReference; lastKnownFileType = sourcecode.swift; path = SceneDelegate.swift; sourceTree = "<group>"; };
		816707DC2A5487E1001DD5B2 /* Base */ = {isa = PBXFileReference; lastKnownFileType = file.storyboard; name = Base; path = Base.lproj/Main.storyboard; sourceTree = "<group>"; };
		816707DE2A5487E2001DD5B2 /* Assets.xcassets */ = {isa = PBXFileReference; lastKnownFileType = folder.assetcatalog; path = Assets.xcassets; sourceTree = "<group>"; };
		816707E12A5487E2001DD5B2 /* Base */ = {isa = PBXFileReference; lastKnownFileType = file.storyboard; name = Base; path = Base.lproj/LaunchScreen.storyboard; sourceTree = "<group>"; };
		816707E32A5487E2001DD5B2 /* Info.plist */ = {isa = PBXFileReference; lastKnownFileType = text.plist.xml; path = Info.plist; sourceTree = "<group>"; };
		816707E92A5489FC001DD5B2 /* TaskListController.swift */ = {isa = PBXFileReference; lastKnownFileType = sourcecode.swift; path = TaskListController.swift; sourceTree = "<group>"; };
		816707EC2A548F02001DD5B2 /* Task.swift */ = {isa = PBXFileReference; lastKnownFileType = sourcecode.swift; path = Task.swift; sourceTree = "<group>"; };
		816707EE2A549135001DD5B2 /* TaskStorage.swift */ = {isa = PBXFileReference; lastKnownFileType = sourcecode.swift; path = TaskStorage.swift; sourceTree = "<group>"; };
		81D7454D2A55E10E00477508 /* TaskCell.swift */ = {isa = PBXFileReference; lastKnownFileType = sourcecode.swift; path = TaskCell.swift; sourceTree = "<group>"; };
/* End PBXFileReference section */

/* Begin PBXFrameworksBuildPhase section */
		816707CF2A5487E1001DD5B2 /* Frameworks */ = {
			isa = PBXFrameworksBuildPhase;
			buildActionMask = 2147483647;
			files = (
			);
			runOnlyForDeploymentPostprocessing = 0;
		};
/* End PBXFrameworksBuildPhase section */

/* Begin PBXGroup section */
		816707C92A5487E0001DD5B2 = {
			isa = PBXGroup;
			children = (
				816707D42A5487E1001DD5B2 /* To-Do Manager */,
				816707D32A5487E1001DD5B2 /* Products */,
			);
			sourceTree = "<group>";
		};
		816707D32A5487E1001DD5B2 /* Products */ = {
			isa = PBXGroup;
			children = (
				816707D22A5487E1001DD5B2 /* To-Do Manager.app */,
			);
			name = Products;
			sourceTree = "<group>";
		};
		816707D42A5487E1001DD5B2 /* To-Do Manager */ = {
			isa = PBXGroup;
			children = (
				816707D52A5487E1001DD5B2 /* AppDelegate.swift */,
				816707D72A5487E1001DD5B2 /* SceneDelegate.swift */,
				816707E92A5489FC001DD5B2 /* TaskListController.swift */,
				8155D80E2A5DCD2700C3FFB2 /* TaskTypeController.swift */,
				816707EB2A548EEC001DD5B2 /* Model */,
				81D7454B2A55E0B000477508 /* Views */,
				816707DB2A5487E1001DD5B2 /* Main.storyboard */,
				816707DE2A5487E2001DD5B2 /* Assets.xcassets */,
				816707E02A5487E2001DD5B2 /* LaunchScreen.storyboard */,
				816707E32A5487E2001DD5B2 /* Info.plist */,
			);
			path = "To-Do Manager";
			sourceTree = "<group>";
		};
		816707EB2A548EEC001DD5B2 /* Model */ = {
			isa = PBXGroup;
			children = (
				816707EC2A548F02001DD5B2 /* Task.swift */,
				816707EE2A549135001DD5B2 /* TaskStorage.swift */,
			);
			name = Model;
			sourceTree = "<group>";
		};
		81D7454B2A55E0B000477508 /* Views */ = {
			isa = PBXGroup;
			children = (
				81D7454C2A55E0CF00477508 /* Cells */,
				8154AA8F2A5C75A7006E1B63 /* TaskEditController.swift */,
			);
			path = Views;
			sourceTree = "<group>";
		};
		81D7454C2A55E0CF00477508 /* Cells */ = {
			isa = PBXGroup;
			children = (
				81D7454D2A55E10E00477508 /* TaskCell.swift */,
				8155D80A2A5DC24800C3FFB2 /* TaskTypeCell.swift */,
				8155D80B2A5DC24800C3FFB2 /* TaskTypeCell.xib */,
			);
			name = Cells;
			sourceTree = "<group>";
		};
/* End PBXGroup section */

/* Begin PBXNativeTarget section */
		816707D12A5487E1001DD5B2 /* To-Do Manager */ = {
			isa = PBXNativeTarget;
			buildConfigurationList = 816707E62A5487E2001DD5B2 /* Build configuration list for PBXNativeTarget "To-Do Manager" */;
			buildPhases = (
				816707CE2A5487E1001DD5B2 /* Sources */,
				816707CF2A5487E1001DD5B2 /* Frameworks */,
				816707D02A5487E1001DD5B2 /* Resources */,
			);
			buildRules = (
			);
			dependencies = (
			);
			name = "To-Do Manager";
			productName = "To-Do Manager";
			productReference = 816707D22A5487E1001DD5B2 /* To-Do Manager.app */;
			productType = "com.apple.product-type.application";
		};
/* End PBXNativeTarget section */

/* Begin PBXProject section */
		816707CA2A5487E0001DD5B2 /* Project object */ = {
			isa = PBXProject;
			attributes = {
				BuildIndependentTargetsInParallel = 1;
				LastSwiftUpdateCheck = 1430;
				LastUpgradeCheck = 1510;
				TargetAttributes = {
					816707D12A5487E1001DD5B2 = {
						CreatedOnToolsVersion = 14.3.1;
					};
				};
			};
			buildConfigurationList = 816707CD2A5487E0001DD5B2 /* Build configuration list for PBXProject "To-Do Manager" */;
			compatibilityVersion = "Xcode 14.0";
			developmentRegion = en;
			hasScannedForEncodings = 0;
			knownRegions = (
				en,
				Base,
			);
			mainGroup = 816707C92A5487E0001DD5B2;
			productRefGroup = 816707D32A5487E1001DD5B2 /* Products */;
			projectDirPath = "";
			projectRoot = "";
			targets = (
				816707D12A5487E1001DD5B2 /* To-Do Manager */,
			);
		};
/* End PBXProject section */

/* Begin PBXResourcesBuildPhase section */
		816707D02A5487E1001DD5B2 /* Resources */ = {
			isa = PBXResourcesBuildPhase;
			buildActionMask = 2147483647;
			files = (
				816707E22A5487E2001DD5B2 /* LaunchScreen.storyboard in Resources */,
				816707DF2A5487E2001DD5B2 /* Assets.xcassets in Resources */,
				8155D80D2A5DC24800C3FFB2 /* TaskTypeCell.xib in Resources */,
				816707DD2A5487E1001DD5B2 /* Main.storyboard in Resources */,
			);
			runOnlyForDeploymentPostprocessing = 0;
		};
/* End PBXResourcesBuildPhase section */

/* Begin PBXSourcesBuildPhase section */
		816707CE2A5487E1001DD5B2 /* Sources */ = {
			isa = PBXSourcesBuildPhase;
			buildActionMask = 2147483647;
			files = (
				816707ED2A548F02001DD5B2 /* Task.swift in Sources */,
				8155D80F2A5DCD2700C3FFB2 /* TaskTypeController.swift in Sources */,
				816707D62A5487E1001DD5B2 /* AppDelegate.swift in Sources */,
				8155D80C2A5DC24800C3FFB2 /* TaskTypeCell.swift in Sources */,
				816707D82A5487E1001DD5B2 /* SceneDelegate.swift in Sources */,
				816707EF2A549135001DD5B2 /* TaskStorage.swift in Sources */,
				81D7454E2A55E10E00477508 /* TaskCell.swift in Sources */,
				816707EA2A5489FC001DD5B2 /* TaskListController.swift in Sources */,
				8154AA902A5C75A7006E1B63 /* TaskEditController.swift in Sources */,
			);
			runOnlyForDeploymentPostprocessing = 0;
		};
/* End PBXSourcesBuildPhase section */

/* Begin PBXVariantGroup section */
		816707DB2A5487E1001DD5B2 /* Main.storyboard */ = {
			isa = PBXVariantGroup;
			children = (
				816707DC2A5487E1001DD5B2 /* Base */,
			);
			name = Main.storyboard;
			sourceTree = "<group>";
		};
		816707E02A5487E2001DD5B2 /* LaunchScreen.storyboard */ = {
			isa = PBXVariantGroup;
			children = (
				816707E12A5487E2001DD5B2 /* Base */,
			);
			name = LaunchScreen.storyboard;
			sourceTree = "<group>";
		};
/* End PBXVariantGroup section */

/* Begin XCBuildConfiguration section */
		816707E42A5487E2001DD5B2 /* Debug */ = {
			isa = XCBuildConfiguration;
			buildSettings = {
				ALWAYS_SEARCH_USER_PATHS = NO;
				CLANG_ANALYZER_NONNULL = YES;
				CLANG_ANALYZER_NUMBER_OBJECT_CONVERSION = YES_AGGRESSIVE;
				CLANG_CXX_LANGUAGE_STANDARD = "gnu++20";
				CLANG_ENABLE_MODULES = YES;
				CLANG_ENABLE_OBJC_ARC = YES;
				CLANG_ENABLE_OBJC_WEAK = YES;
				CLANG_WARN_BLOCK_CAPTURE_AUTORELEASING = YES;
				CLANG_WARN_BOOL_CONVERSION = YES;
				CLANG_WARN_COMMA = YES;
				CLANG_WARN_CONSTANT_CONVERSION = YES;
				CLANG_WARN_DEPRECATED_OBJC_IMPLEMENTATIONS = YES;
				CLANG_WARN_DIRECT_OBJC_ISA_USAGE = YES_ERROR;
				CLANG_WARN_DOCUMENTATION_COMMENTS = YES;
				CLANG_WARN_EMPTY_BODY = YES;
				CLANG_WARN_ENUM_CONVERSION = YES;
				CLANG_WARN_INFINITE_RECURSION = YES;
				CLANG_WARN_INT_CONVERSION = YES;
				CLANG_WARN_NON_LITERAL_NULL_CONVERSION = YES;
				CLANG_WARN_OBJC_IMPLICIT_RETAIN_SELF = YES;
				CLANG_WARN_OBJC_LITERAL_CONVERSION = YES;
				CLANG_WARN_OBJC_ROOT_CLASS = YES_ERROR;
				CLANG_WARN_QUOTED_INCLUDE_IN_FRAMEWORK_HEADER = YES;
				CLANG_WARN_RANGE_LOOP_ANALYSIS = YES;
				CLANG_WARN_STRICT_PROTOTYPES = YES;
				CLANG_WARN_SUSPICIOUS_MOVE = YES;
				CLANG_WARN_UNGUARDED_AVAILABILITY = YES_AGGRESSIVE;
				CLANG_WARN_UNREACHABLE_CODE = YES;
				CLANG_WARN__DUPLICATE_METHOD_MATCH = YES;
				COPY_PHASE_STRIP = NO;
				DEBUG_INFORMATION_FORMAT = dwarf;
				ENABLE_STRICT_OBJC_MSGSEND = YES;
				ENABLE_TESTABILITY = YES;
				ENABLE_USER_SCRIPT_SANDBOXING = YES;
				GCC_C_LANGUAGE_STANDARD = gnu11;
				GCC_DYNAMIC_NO_PIC = NO;
				GCC_NO_COMMON_BLOCKS = YES;
				GCC_OPTIMIZATION_LEVEL = 0;
				GCC_PREPROCESSOR_DEFINITIONS = (
					"DEBUG=1",
					"$(inherited)",
				);
				GCC_WARN_64_TO_32_BIT_CONVERSION = YES;
				GCC_WARN_ABOUT_RETURN_TYPE = YES_ERROR;
				GCC_WARN_UNDECLARED_SELECTOR = YES;
				GCC_WARN_UNINITIALIZED_AUTOS = YES_AGGRESSIVE;
				GCC_WARN_UNUSED_FUNCTION = YES;
				GCC_WARN_UNUSED_VARIABLE = YES;
				IPHONEOS_DEPLOYMENT_TARGET = 16.4;
				MTL_ENABLE_DEBUG_INFO = INCLUDE_SOURCE;
				MTL_FAST_MATH = YES;
				ONLY_ACTIVE_ARCH = YES;
				SDKROOT = iphoneos;
				SWIFT_ACTIVE_COMPILATION_CONDITIONS = DEBUG;
				SWIFT_OPTIMIZATION_LEVEL = "-Onone";
			};
			name = Debug;
		};
		816707E52A5487E2001DD5B2 /* Release */ = {
			isa = XCBuildConfiguration;
			buildSettings = {
				ALWAYS_SEARCH_USER_PATHS = NO;
				CLANG_ANALYZER_NONNULL = YES;
				CLANG_ANALYZER_NUMBER_OBJECT_CONVERSION = YES_AGGRESSIVE;
				CLANG_CXX_LANGUAGE_STANDARD = "gnu++20";
				CLANG_ENABLE_MODULES = YES;
				CLANG_ENABLE_OBJC_ARC = YES;
				CLANG_ENABLE_OBJC_WEAK = YES;
				CLANG_WARN_BLOCK_CAPTURE_AUTORELEASING = YES;
				CLANG_WARN_BOOL_CONVERSION = YES;
				CLANG_WARN_COMMA = YES;
				CLANG_WARN_CONSTANT_CONVERSION = YES;
				CLANG_WARN_DEPRECATED_OBJC_IMPLEMENTATIONS = YES;
				CLANG_WARN_DIRECT_OBJC_ISA_USAGE = YES_ERROR;
				CLANG_WARN_DOCUMENTATION_COMMENTS = YES;
				CLANG_WARN_EMPTY_BODY = YES;
				CLANG_WARN_ENUM_CONVERSION = YES;
				CLANG_WARN_INFINITE_RECURSION = YES;
				CLANG_WARN_INT_CONVERSION = YES;
				CLANG_WARN_NON_LITERAL_NULL_CONVERSION = YES;
				CLANG_WARN_OBJC_IMPLICIT_RETAIN_SELF = YES;
				CLANG_WARN_OBJC_LITERAL_CONVERSION = YES;
				CLANG_WARN_OBJC_ROOT_CLASS = YES_ERROR;
				CLANG_WARN_QUOTED_INCLUDE_IN_FRAMEWORK_HEADER = YES;
				CLANG_WARN_RANGE_LOOP_ANALYSIS = YES;
				CLANG_WARN_STRICT_PROTOTYPES = YES;
				CLANG_WARN_SUSPICIOUS_MOVE = YES;
				CLANG_WARN_UNGUARDED_AVAILABILITY = YES_AGGRESSIVE;
				CLANG_WARN_UNREACHABLE_CODE = YES;
				CLANG_WARN__DUPLICATE_METHOD_MATCH = YES;
				COPY_PHASE_STRIP = NO;
				DEBUG_INFORMATION_FORMAT = "dwarf-with-dsym";
				ENABLE_NS_ASSERTIONS = NO;
				ENABLE_STRICT_OBJC_MSGSEND = YES;
				ENABLE_USER_SCRIPT_SANDBOXING = YES;
				GCC_C_LANGUAGE_STANDARD = gnu11;
				GCC_NO_COMMON_BLOCKS = YES;
				GCC_WARN_64_TO_32_BIT_CONVERSION = YES;
				GCC_WARN_ABOUT_RETURN_TYPE = YES_ERROR;
				GCC_WARN_UNDECLARED_SELECTOR = YES;
				GCC_WARN_UNINITIALIZED_AUTOS = YES_AGGRESSIVE;
				GCC_WARN_UNUSED_FUNCTION = YES;
				GCC_WARN_UNUSED_VARIABLE = YES;
				IPHONEOS_DEPLOYMENT_TARGET = 16.4;
				MTL_ENABLE_DEBUG_INFO = NO;
				MTL_FAST_MATH = YES;
				SDKROOT = iphoneos;
				SWIFT_COMPILATION_MODE = wholemodule;
				SWIFT_OPTIMIZATION_LEVEL = "-O";
				VALIDATE_PRODUCT = YES;
			};
			name = Release;
		};
		816707E72A5487E2001DD5B2 /* Debug */ = {
			isa = XCBuildConfiguration;
			buildSettings = {
				ASSETCATALOG_COMPILER_APPICON_NAME = AppIcon;
				ASSETCATALOG_COMPILER_GLOBAL_ACCENT_COLOR_NAME = AccentColor;
				CODE_SIGN_STYLE = Automatic;
				CURRENT_PROJECT_VERSION = 1;
				DEVELOPMENT_TEAM = M6P36UUCJC;
				GENERATE_INFOPLIST_FILE = YES;
				INFOPLIST_FILE = "To-Do Manager/Info.plist";
				INFOPLIST_KEY_UIApplicationSupportsIndirectInputEvents = YES;
				INFOPLIST_KEY_UILaunchStoryboardName = LaunchScreen;
				INFOPLIST_KEY_UIMainStoryboardFile = Main;
				INFOPLIST_KEY_UISupportedInterfaceOrientations_iPad = "UIInterfaceOrientationLandscapeLeft UIInterfaceOrientationLandscapeRight UIInterfaceOrientationPortrait UIInterfaceOrientationPortraitUpsideDown";
				INFOPLIST_KEY_UIUserInterfaceStyle = "$(MARKETING_VERSION)";
				LD_RUNPATH_SEARCH_PATHS = (
					"$(inherited)",
					"@executable_path/Frameworks",
				);
				MARKETING_VERSION = 1.1;
				PRODUCT_BUNDLE_IDENTIFIER = "MikhailEgorov.To-Do-Manager";
				PRODUCT_NAME = "$(TARGET_NAME)";
				SUPPORTED_PLATFORMS = "iphoneos iphonesimulator";
				SUPPORTS_MACCATALYST = NO;
				SUPPORTS_MAC_DESIGNED_FOR_IPHONE_IPAD = NO;
				SWIFT_EMIT_LOC_STRINGS = YES;
				SWIFT_VERSION = 5.0;
				TARGETED_DEVICE_FAMILY = 1;
			};
			name = Debug;
		};
		816707E82A5487E2001DD5B2 /* Release */ = {
			isa = XCBuildConfiguration;
			buildSettings = {
				ASSETCATALOG_COMPILER_APPICON_NAME = AppIcon;
				ASSETCATALOG_COMPILER_GLOBAL_ACCENT_COLOR_NAME = AccentColor;
				CODE_SIGN_STYLE = Automatic;
				CURRENT_PROJECT_VERSION = 1;
				DEVELOPMENT_TEAM = M6P36UUCJC;
				GENERATE_INFOPLIST_FILE = YES;
				INFOPLIST_FILE = "To-Do Manager/Info.plist";
				INFOPLIST_KEY_UIApplicationSupportsIndirectInputEvents = YES;
				INFOPLIST_KEY_UILaunchStoryboardName = LaunchScreen;
				INFOPLIST_KEY_UIMainStoryboardFile = Main;
				INFOPLIST_KEY_UISupportedInterfaceOrientations_iPad = "UIInterfaceOrientationLandscapeLeft UIInterfaceOrientationLandscapeRight UIInterfaceOrientationPortrait UIInterfaceOrientationPortraitUpsideDown";
				INFOPLIST_KEY_UIUserInterfaceStyle = "$(MARKETING_VERSION)";
				LD_RUNPATH_SEARCH_PATHS = (
					"$(inherited)",
					"@executable_path/Frameworks",
				);
				MARKETING_VERSION = 1.1;
				PRODUCT_BUNDLE_IDENTIFIER = "MikhailEgorov.To-Do-Manager";
				PRODUCT_NAME = "$(TARGET_NAME)";
				SUPPORTED_PLATFORMS = "iphoneos iphonesimulator";
				SUPPORTS_MACCATALYST = NO;
				SUPPORTS_MAC_DESIGNED_FOR_IPHONE_IPAD = NO;
				SWIFT_EMIT_LOC_STRINGS = YES;
				SWIFT_VERSION = 5.0;
				TARGETED_DEVICE_FAMILY = 1;
			};
			name = Release;
		};
/* End XCBuildConfiguration section */

/* Begin XCConfigurationList section */
		816707CD2A5487E0001DD5B2 /* Build configuration list for PBXProject "To-Do Manager" */ = {
			isa = XCConfigurationList;
			buildConfigurations = (
				816707E42A5487E2001DD5B2 /* Debug */,
				816707E52A5487E2001DD5B2 /* Release */,
			);
			defaultConfigurationIsVisible = 0;
			defaultConfigurationName = Release;
		};
		816707E62A5487E2001DD5B2 /* Build configuration list for PBXNativeTarget "To-Do Manager" */ = {
			isa = XCConfigurationList;
			buildConfigurations = (
				816707E72A5487E2001DD5B2 /* Debug */,
				816707E82A5487E2001DD5B2 /* Release */,
			);
			defaultConfigurationIsVisible = 0;
			defaultConfigurationName = Release;
		};
/* End XCConfigurationList section */
	};
	rootObject = 816707CA2A5487E0001DD5B2 /* Project object */;
}
